
Microsoft Visual Studio Solution File, Format Version 12.00
# Visual Studio Version 16
VisualStudioVersion = 16.0.30517.126
MinimumVisualStudioVersion = 10.0.40219.1
Project("{FAE04EC0-301F-11D3-BF4B-00C04F79EFBC}") = "GDI3", "GDI3.csproj", "{06D75C70-00FF-433F-8DBB-6875AF8BBDFC}"
EndProject
Global
	GlobalSection(SolutionConfigurationPlatforms) = preSolution
		Debug|Any CPU = Debug|Any CPU
		Release|Any CPU = Release|Any CPU
	EndGlobalSection
	GlobalSection(ProjectConfigurationPlatforms) = postSolution
		{06D75C70-00FF-433F-8DBB-6875AF8BBDFC}.Debug|Any CPU.ActiveCfg = Debug|Any CPU
		{06D75C70-00FF-433F-8DBB-6875AF8BBDFC}.Debug|Any CPU.Build.0 = Debug|Any CPU
		{06D75C70-00FF-433F-8DBB-6875AF8BBDFC}.Release|Any CPU.ActiveCfg = Release|Any CPU
		{06D75C70-00FF-433F-8DBB-6875AF8BBDFC}.Release|Any CPU.Build.0 = Release|Any CPU
	EndGlobalSection
	GlobalSection(SolutionProperties) = preSolution
		HideSolutionNode = FALSE
	EndGlobalSection
	GlobalSection(ExtensibilityGlobals) = postSolution
		SolutionGuid = {0A7427C3-17DC-4FC5-B0D4-45ED3B4C26C3}
	EndGlobalSection
EndGlobal
